
Microsoft Visual Studio Solution File, Format Version 12.00
# Visual Studio 15
VisualStudioVersion = 15.0.27130.2010
MinimumVisualStudioVersion = 10.0.40219.1
Project("{FAE04EC0-301F-11D3-BF4B-00C04F79EFBC}") = "DVDStore.WEB", "DVDStore.WEB\DVDStore.WEB.csproj", "{D31962AA-2F35-46F5-940B-97492472603F}"
EndProject
Project("{FAE04EC0-301F-11D3-BF4B-00C04F79EFBC}") = "DVDWebapi.API", "DVDStore.WEB\DVDWebapi.API\DVDWebapi.API.csproj", "{DDFDBE89-592B-435A-976C-1CA7012C3C25}"
EndProject
Project("{FAE04EC0-301F-11D3-BF4B-00C04F79EFBC}") = "DVDStore.Data", "DVDStore.WEB\DVDStore.Data\DVDStore.Data.csproj", "{C1A8973F-A459-47E9-B9E2-B195FEF96C8C}"
EndProject
Project("{FAE04EC0-301F-11D3-BF4B-00C04F79EFBC}") = "DVDStore.Access", "DVDStore.WEB\DVDStore.Access\DVDStore.Access.csproj", "{9C81006A-CC5F-4125-BF2C-2579F705246F}"
EndProject
Global
	GlobalSection(SolutionConfigurationPlatforms) = preSolution
		Debug|Any CPU = Debug|Any CPU
		Release|Any CPU = Release|Any CPU
	EndGlobalSection
	GlobalSection(ProjectConfigurationPlatforms) = postSolution
		{D31962AA-2F35-46F5-940B-97492472603F}.Debug|Any CPU.ActiveCfg = Debug|Any CPU
		{D31962AA-2F35-46F5-940B-97492472603F}.Debug|Any CPU.Build.0 = Debug|Any CPU
		{D31962AA-2F35-46F5-940B-97492472603F}.Release|Any CPU.ActiveCfg = Release|Any CPU
		{D31962AA-2F35-46F5-940B-97492472603F}.Release|Any CPU.Build.0 = Release|Any CPU
		{DDFDBE89-592B-435A-976C-1CA7012C3C25}.Debug|Any CPU.ActiveCfg = Debug|Any CPU
		{DDFDBE89-592B-435A-976C-1CA7012C3C25}.Debug|Any CPU.Build.0 = Debug|Any CPU
		{DDFDBE89-592B-435A-976C-1CA7012C3C25}.Release|Any CPU.ActiveCfg = Release|Any CPU
		{DDFDBE89-592B-435A-976C-1CA7012C3C25}.Release|Any CPU.Build.0 = Release|Any CPU
		{C1A8973F-A459-47E9-B9E2-B195FEF96C8C}.Debug|Any CPU.ActiveCfg = Debug|Any CPU
		{C1A8973F-A459-47E9-B9E2-B195FEF96C8C}.Debug|Any CPU.Build.0 = Debug|Any CPU
		{C1A8973F-A459-47E9-B9E2-B195FEF96C8C}.Release|Any CPU.ActiveCfg = Release|Any CPU
		{C1A8973F-A459-47E9-B9E2-B195FEF96C8C}.Release|Any CPU.Build.0 = Release|Any CPU
		{9C81006A-CC5F-4125-BF2C-2579F705246F}.Debug|Any CPU.ActiveCfg = Debug|Any CPU
		{9C81006A-CC5F-4125-BF2C-2579F705246F}.Debug|Any CPU.Build.0 = Debug|Any CPU
		{9C81006A-CC5F-4125-BF2C-2579F705246F}.Release|Any CPU.ActiveCfg = Release|Any CPU
		{9C81006A-CC5F-4125-BF2C-2579F705246F}.Release|Any CPU.Build.0 = Release|Any CPU
	EndGlobalSection
	GlobalSection(SolutionProperties) = preSolution
		HideSolutionNode = FALSE
	EndGlobalSection
	GlobalSection(ExtensibilityGlobals) = postSolution
		SolutionGuid = {BC1EFC75-1CE7-497B-8993-7C9CBE344559}
	EndGlobalSection
EndGlobal
